PODS:
  - lottie-ios (4.4.3)
  - SDWebImage (5.19.1):
    - SDWebImage/Core (= 5.19.1)
  - SDWebImage/Core (5.19.1)

DEPENDENCIES:
  - lottie-ios
  - SDWebImage

SPEC REPOS:
  trunk:
    - lottie-ios
    - SDWebImage

SPEC CHECKSUMS:
  lottie-ios: fcb5e73e17ba4c983140b7d21095c834b3087418
  SDWebImage: 40b0b4053e36c660a764958bff99eed16610acbb

PODFILE CHECKSUM: 45b37d14eef30965f67a45ad71d67ff638aecfbe

COCOAPODS: 1.15.2
