// !$*UTF8*$!
{
	archiveVersion = 1;
	classes = {
	};
	objectVersion = 56;
	objects = {

/* Begin PBXBuildFile section */
		01B516072BBD26C0008580FF /* AppDelegate.swift in Sources */ = {isa = PBXBuildFile; fileRef = 01B516062BBD26C0008580FF /* AppDelegate.swift */; };
		01B516092BBD26C0008580FF /* SceneDelegate.swift in Sources */ = {isa = PBXBuildFile; fileRef = 01B516082BBD26C0008580FF /* SceneDelegate.swift */; };
		01B5160B2BBD26C0008580FF /* ViewController.swift in Sources */ = {isa = PBXBuildFile; fileRef = 01B5160A2BBD26C0008580FF /* ViewController.swift */; };
		01B5160E2BBD26C0008580FF /* Main.storyboard in Resources */ = {isa = PBXBuildFile; fileRef = 01B5160C2BBD26C0008580FF /* Main.storyboard */; };
		01B516112BBD26C0008580FF /* BooksApp.xcdatamodeld in Sources */ = {isa = PBXBuildFile; fileRef = 01B5160F2BBD26C0008580FF /* BooksApp.xcdatamodeld */; };
		01B516132BBD26C1008580FF /* Assets.xcassets in Resources */ = {isa = PBXBuildFile; fileRef = 01B516122BBD26C1008580FF /* Assets.xcassets */; };
		01B516162BBD26C1008580FF /* LaunchScreen.storyboard in Resources */ = {isa = PBXBuildFile; fileRef = 01B516142BBD26C1008580FF /* LaunchScreen.storyboard */; };
		01B516212BBD26C1008580FF /* BooksAppTests.swift in Sources */ = {isa = PBXBuildFile; fileRef = 01B516202BBD26C1008580FF /* BooksAppTests.swift */; };
		01B5162B2BBD26C1008580FF /* BooksAppUITests.swift in Sources */ = {isa = PBXBuildFile; fileRef = 01B5162A2BBD26C1008580FF /* BooksAppUITests.swift */; };
		01B5162D2BBD26C1008580FF /* BooksAppUITestsLaunchTests.swift in Sources */ = {isa = PBXBuildFile; fileRef = 01B5162C2BBD26C1008580FF /* BooksAppUITestsLaunchTests.swift */; };
/* End PBXBuildFile section */

/* Begin PBXContainerItemProxy section */
		01B5161D2BBD26C1008580FF /* PBXContainerItemProxy */ = {
			isa = PBXContainerItemProxy;
			containerPortal = 01B515FB2BBD26C0008580FF /* Project object */;
			proxyType = 1;
			remoteGlobalIDString = 01B516022BBD26C0008580FF;
			remoteInfo = BooksApp;
		};
		01B516272BBD26C1008580FF /* PBXContainerItemProxy */ = {
			isa = PBXContainerItemProxy;
			containerPortal = 01B515FB2BBD26C0008580FF /* Project object */;
			proxyType = 1;
			remoteGlobalIDString = 01B516022BBD26C0008580FF;
			remoteInfo = BooksApp;
		};
/* End PBXContainerItemProxy section */

/* Begin PBXFileReference section */
		01B516032BBD26C0008580FF /* BooksApp.app */ = {isa = PBXFileReference; explicitFileType = wrapper.application; includeInIndex = 0; path = BooksApp.app; sourceTree = BUILT_PRODUCTS_DIR; };
		01B516062BBD26C0008580FF /* AppDelegate.swift */ = {isa = PBXFileReference; lastKnownFileType = sourcecode.swift; path = AppDelegate.swift; sourceTree = "<group>"; };
		01B516082BBD26C0008580FF /* SceneDelegate.swift */ = {isa = PBXFileReference; lastKnownFileType = sourcecode.swift; path = SceneDelegate.swift; sourceTree = "<group>"; };
		01B5160A2BBD26C0008580FF /* ViewController.swift */ = {isa = PBXFileReference; lastKnownFileType = sourcecode.swift; path = ViewController.swift; sourceTree = "<group>"; };
		01B5160D2BBD26C0008580FF /* Base */ = {isa = PBXFileReference; lastKnownFileType = file.storyboard; name = Base; path = Base.lproj/Main.storyboard; sourceTree = "<group>"; };
		01B516102BBD26C0008580FF /* BooksApp.xcdatamodel */ = {isa = PBXFileReference; lastKnownFileType = wrapper.xcdatamodel; path = BooksApp.xcdatamodel; sourceTree = "<group>"; };
		01B516122BBD26C1008580FF /* Assets.xcassets */ = {isa = PBXFileReference; lastKnownFileType = folder.assetcatalog; path = Assets.xcassets; sourceTree = "<group>"; };
		01B516152BBD26C1008580FF /* Base */ = {isa = PBXFileReference; lastKnownFileType = file.storyboard; name = Base; path = Base.lproj/LaunchScreen.storyboard; sourceTree = "<group>"; };
		01B516172BBD26C1008580FF /* Info.plist */ = {isa = PBXFileReference; lastKnownFileType = text.plist.xml; path = Info.plist; sourceTree = "<group>"; };
		01B5161C2BBD26C1008580FF /* BooksAppTests.xctest */ = {isa = PBXFileReference; explicitFileType = wrapper.cfbundle; includeInIndex = 0; path = BooksAppTests.xctest; sourceTree = BUILT_PRODUCTS_DIR; };
		01B516202BBD26C1008580FF /* BooksAppTests.swift */ = {isa = PBXFileReference; lastKnownFileType = sourcecode.swift; path = BooksAppTests.swift; sourceTree = "<group>"; };
		01B516262BBD26C1008580FF /* BooksAppUITests.xctest */ = {isa = PBXFileReference; explicitFileType = wrapper.cfbundle; includeInIndex = 0; path = BooksAppUITests.xctest; sourceTree = BUILT_PRODUCTS_DIR; };
		01B5162A2BBD26C1008580FF /* BooksAppUITests.swift */ = {isa = PBXFileReference; lastKnownFileType = sourcecode.swift; path = BooksAppUITests.swift; sourceTree = "<group>"; };
		01B5162C2BBD26C1008580FF /* BooksAppUITestsLaunchTests.swift */ = {isa = PBXFileReference; lastKnownFileType = sourcecode.swift; path = BooksAppUITestsLaunchTests.swift; sourceTree = "<group>"; };
/* End PBXFileReference section */

/* Begin PBXFrameworksBuildPhase section */
		01B516002BBD26C0008580FF /* Frameworks */ = {
			isa = PBXFrameworksBuildPhase;
			buildActionMask = 2147483647;
			files = (
			);
			runOnlyForDeploymentPostprocessing = 0;
		};
		01B516192BBD26C1008580FF /* Frameworks */ = {
			isa = PBXFrameworksBuildPhase;
			buildActionMask = 2147483647;
			files = (
			);
			runOnlyForDeploymentPostprocessing = 0;
		};
		01B516232BBD26C1008580FF /* Frameworks */ = {
			isa = PBXFrameworksBuildPhase;
			buildActionMask = 2147483647;
			files = (
			);
			runOnlyForDeploymentPostprocessing = 0;
		};
/* End PBXFrameworksBuildPhase section */

/* Begin PBXGroup section */
		01B515FA2BBD26C0008580FF = {
			isa = PBXGroup;
			children = (
				01B516052BBD26C0008580FF /* BooksApp */,
				01B5161F2BBD26C1008580FF /* BooksAppTests */,
				01B516292BBD26C1008580FF /* BooksAppUITests */,
				01B516042BBD26C0008580FF /* Products */,
			);
			sourceTree = "<group>";
		};
		01B516042BBD26C0008580FF /* Products */ = {
			isa = PBXGroup;
			children = (
				01B516032BBD26C0008580FF /* BooksApp.app */,
				01B5161C2BBD26C1008580FF /* BooksAppTests.xctest */,
				01B516262BBD26C1008580FF /* BooksAppUITests.xctest */,
			);
			name = Products;
			sourceTree = "<group>";
		};
		01B516052BBD26C0008580FF /* BooksApp */ = {
			isa = PBXGroup;
			children = (
				01B516062BBD26C0008580FF /* AppDelegate.swift */,
				01B516082BBD26C0008580FF /* SceneDelegate.swift */,
				01B5160A2BBD26C0008580FF /* ViewController.swift */,
				01B5160C2BBD26C0008580FF /* Main.storyboard */,
				01B516122BBD26C1008580FF /* Assets.xcassets */,
				01B516142BBD26C1008580FF /* LaunchScreen.storyboard */,
				01B516172BBD26C1008580FF /* Info.plist */,
				01B5160F2BBD26C0008580FF /* BooksApp.xcdatamodeld */,
			);
			path = BooksApp;
			sourceTree = "<group>";
		};
		01B5161F2BBD26C1008580FF /* BooksAppTests */ = {
			isa = PBXGroup;
			children = (
				01B516202BBD26C1008580FF /* BooksAppTests.swift */,
			);
			path = BooksAppTests;
			sourceTree = "<group>";
		};
		01B516292BBD26C1008580FF /* BooksAppUITests */ = {
			isa = PBXGroup;
			children = (
				01B5162A2BBD26C1008580FF /* BooksAppUITests.swift */,
				01B5162C2BBD26C1008580FF /* BooksAppUITestsLaunchTests.swift */,
			);
			path = BooksAppUITests;
			sourceTree = "<group>";
		};
/* End PBXGroup section */

/* Begin PBXNativeTarget section */
		01B516022BBD26C0008580FF /* BooksApp */ = {
			isa = PBXNativeTarget;
			buildConfigurationList = 01B516302BBD26C1008580FF /* Build configuration list for PBXNativeTarget "BooksApp" */;
			buildPhases = (
				01B515FF2BBD26C0008580FF /* Sources */,
				01B516002BBD26C0008580FF /* Frameworks */,
				01B516012BBD26C0008580FF /* Resources */,
			);
			buildRules = (
			);
			dependencies = (
			);
			name = BooksApp;
			productName = BooksApp;
			productReference = 01B516032BBD26C0008580FF /* BooksApp.app */;
			productType = "com.apple.product-type.application";
		};
		01B5161B2BBD26C1008580FF /* BooksAppTests */ = {
			isa = PBXNativeTarget;
			buildConfigurationList = 01B516332BBD26C1008580FF /* Build configuration list for PBXNativeTarget "BooksAppTests" */;
			buildPhases = (
				01B516182BBD26C1008580FF /* Sources */,
				01B516192BBD26C1008580FF /* Frameworks */,
				01B5161A2BBD26C1008580FF /* Resources */,
			);
			buildRules = (
			);
			dependencies = (
				01B5161E2BBD26C1008580FF /* PBXTargetDependency */,
			);
			name = BooksAppTests;
			productName = BooksAppTests;
			productReference = 01B5161C2BBD26C1008580FF /* BooksAppTests.xctest */;
			productType = "com.apple.product-type.bundle.unit-test";
		};
		01B516252BBD26C1008580FF /* BooksAppUITests */ = {
			isa = PBXNativeTarget;
			buildConfigurationList = 01B516362BBD26C1008580FF /* Build configuration list for PBXNativeTarget "BooksAppUITests" */;
			buildPhases = (
				01B516222BBD26C1008580FF /* Sources */,
				01B516232BBD26C1008580FF /* Frameworks */,
				01B516242BBD26C1008580FF /* Resources */,
			);
			buildRules = (
			);
			dependencies = (
				01B516282BBD26C1008580FF /* PBXTargetDependency */,
			);
			name = BooksAppUITests;
			productName = BooksAppUITests;
			productReference = 01B516262BBD26C1008580FF /* BooksAppUITests.xctest */;
			productType = "com.apple.product-type.bundle.ui-testing";
		};
/* End PBXNativeTarget section */

/* Begin PBXProject section */
		01B515FB2BBD26C0008580FF /* Project object */ = {
			isa = PBXProject;
			attributes = {
				BuildIndependentTargetsInParallel = 1;
				LastSwiftUpdateCheck = 1430;
				LastUpgradeCheck = 1430;
				TargetAttributes = {
					01B516022BBD26C0008580FF = {
						CreatedOnToolsVersion = 14.3.1;
					};
					01B5161B2BBD26C1008580FF = {
						CreatedOnToolsVersion = 14.3.1;
						TestTargetID = 01B516022BBD26C0008580FF;
					};
					01B516252BBD26C1008580FF = {
						CreatedOnToolsVersion = 14.3.1;
						TestTargetID = 01B516022BBD26C0008580FF;
					};
				};
			};
			buildConfigurationList = 01B515FE2BBD26C0008580FF /* Build configuration list for PBXProject "BooksApp" */;
			compatibilityVersion = "Xcode 14.0";
			developmentRegion = en;
			hasScannedForEncodings = 0;
			knownRegions = (
				en,
				Base,
			);
			mainGroup = 01B515FA2BBD26C0008580FF;
			productRefGroup = 01B516042BBD26C0008580FF /* Products */;
			projectDirPath = "";
			projectRoot = "";
			targets = (
				01B516022BBD26C0008580FF /* BooksApp */,
				01B5161B2BBD26C1008580FF /* BooksAppTests */,
				01B516252BBD26C1008580FF /* BooksAppUITests */,
			);
		};
/* End PBXProject section */

/* Begin PBXResourcesBuildPhase section */
		01B516012BBD26C0008580FF /* Resources */ = {
			isa = PBXResourcesBuildPhase;
			buildActionMask = 2147483647;
			files = (
				01B516162BBD26C1008580FF /* LaunchScreen.storyboard in Resources */,
				01B516132BBD26C1008580FF /* Assets.xcassets in Resources */,
				01B5160E2BBD26C0008580FF /* Main.storyboard in Resources */,
			);
			runOnlyForDeploymentPostprocessing = 0;
		};
		01B5161A2BBD26C1008580FF /* Resources */ = {
			isa = PBXResourcesBuildPhase;
			buildActionMask = 2147483647;
			files = (
			);
			runOnlyForDeploymentPostprocessing = 0;
		};
		01B516242BBD26C1008580FF /* Resources */ = {
			isa = PBXResourcesBuildPhase;
			buildActionMask = 2147483647;
			files = (
			);
			runOnlyForDeploymentPostprocessing = 0;
		};
/* End PBXResourcesBuildPhase section */

/* Begin PBXSourcesBuildPhase section */
		01B515FF2BBD26C0008580FF /* Sources */ = {
			isa = PBXSourcesBuildPhase;
			buildActionMask = 2147483647;
			files = (
				01B516112BBD26C0008580FF /* BooksApp.xcdatamodeld in Sources */,
				01B5160B2BBD26C0008580FF /* ViewController.swift in Sources */,
				01B516072BBD26C0008580FF /* AppDelegate.swift in Sources */,
				01B516092BBD26C0008580FF /* SceneDelegate.swift in Sources */,
			);
			runOnlyForDeploymentPostprocessing = 0;
		};
		01B516182BBD26C1008580FF /* Sources */ = {
			isa = PBXSourcesBuildPhase;
			buildActionMask = 2147483647;
			files = (
				01B516212BBD26C1008580FF /* BooksAppTests.swift in Sources */,
			);
			runOnlyForDeploymentPostprocessing = 0;
		};
		01B516222BBD26C1008580FF /* Sources */ = {
			isa = PBXSourcesBuildPhase;
			buildActionMask = 2147483647;
			files = (
				01B5162D2BBD26C1008580FF /* BooksAppUITestsLaunchTests.swift in Sources */,
				01B5162B2BBD26C1008580FF /* BooksAppUITests.swift in Sources */,
			);
			runOnlyForDeploymentPostprocessing = 0;
		};
/* End PBXSourcesBuildPhase section */

/* Begin PBXTargetDependency section */
		01B5161E2BBD26C1008580FF /* PBXTargetDependency */ = {
			isa = PBXTargetDependency;
			target = 01B516022BBD26C0008580FF /* BooksApp */;
			targetProxy = 01B5161D2BBD26C1008580FF /* PBXContainerItemProxy */;
		};
		01B516282BBD26C1008580FF /* PBXTargetDependency */ = {
			isa = PBXTargetDependency;
			target = 01B516022BBD26C0008580FF /* BooksApp */;
			targetProxy = 01B516272BBD26C1008580FF /* PBXContainerItemProxy */;
		};
/* End PBXTargetDependency section */

/* Begin PBXVariantGroup section */
		01B5160C2BBD26C0008580FF /* Main.storyboard */ = {
			isa = PBXVariantGroup;
			children = (
				01B5160D2BBD26C0008580FF /* Base */,
			);
			name = Main.storyboard;
			sourceTree = "<group>";
		};
		01B516142BBD26C1008580FF /* LaunchScreen.storyboard */ = {
			isa = PBXVariantGroup;
			children = (
				01B516152BBD26C1008580FF /* Base */,
			);
			name = LaunchScreen.storyboard;
			sourceTree = "<group>";
		};
/* End PBXVariantGroup section */

/* Begin XCBuildConfiguration section */
		01B5162E2BBD26C1008580FF /* Debug */ = {
			isa = XCBuildConfiguration;
			buildSettings = {
				ALWAYS_SEARCH_USER_PATHS = NO;
				CLANG_ANALYZER_NONNULL = YES;
				CLANG_ANALYZER_NUMBER_OBJECT_CONVERSION = YES_AGGRESSIVE;
				CLANG_CXX_LANGUAGE_STANDARD = "gnu++20";
				CLANG_ENABLE_MODULES = YES;
				CLANG_ENABLE_OBJC_ARC = YES;
				CLANG_ENABLE_OBJC_WEAK = YES;
				CLANG_WARN_BLOCK_CAPTURE_AUTORELEASING = YES;
				CLANG_WARN_BOOL_CONVERSION = YES;
				CLANG_WARN_COMMA = YES;
				CLANG_WARN_CONSTANT_CONVERSION = YES;
				CLANG_WARN_DEPRECATED_OBJC_IMPLEMENTATIONS = YES;
				CLANG_WARN_DIRECT_OBJC_ISA_USAGE = YES_ERROR;
				CLANG_WARN_DOCUMENTATION_COMMENTS = YES;
				CLANG_WARN_EMPTY_BODY = YES;
				CLANG_WARN_ENUM_CONVERSION = YES;
				CLANG_WARN_INFINITE_RECURSION = YES;
				CLANG_WARN_INT_CONVERSION = YES;
				CLANG_WARN_NON_LITERAL_NULL_CONVERSION = YES;
				CLANG_WARN_OBJC_IMPLICIT_RETAIN_SELF = YES;
				CLANG_WARN_OBJC_LITERAL_CONVERSION = YES;
				CLANG_WARN_OBJC_ROOT_CLASS = YES_ERROR;
				CLANG_WARN_QUOTED_INCLUDE_IN_FRAMEWORK_HEADER = YES;
				CLANG_WARN_RANGE_LOOP_ANALYSIS = YES;
				CLANG_WARN_STRICT_PROTOTYPES = YES;
				CLANG_WARN_SUSPICIOUS_MOVE = YES;
				CLANG_WARN_UNGUARDED_AVAILABILITY = YES_AGGRESSIVE;
				CLANG_WARN_UNREACHABLE_CODE = YES;
				CLANG_WARN__DUPLICATE_METHOD_MATCH = YES;
				COPY_PHASE_STRIP = NO;
				DEBUG_INFORMATION_FORMAT = dwarf;
				ENABLE_STRICT_OBJC_MSGSEND = YES;
				ENABLE_TESTABILITY = YES;
				GCC_C_LANGUAGE_STANDARD = gnu11;
				GCC_DYNAMIC_NO_PIC = NO;
				GCC_NO_COMMON_BLOCKS = YES;
				GCC_OPTIMIZATION_LEVEL = 0;
				GCC_PREPROCESSOR_DEFINITIONS = (
					"DEBUG=1",
					"$(inherited)",
				);
				GCC_WARN_64_TO_32_BIT_CONVERSION = YES;
				GCC_WARN_ABOUT_RETURN_TYPE = YES_ERROR;
				GCC_WARN_UNDECLARED_SELECTOR = YES;
				GCC_WARN_UNINITIALIZED_AUTOS = YES_AGGRESSIVE;
				GCC_WARN_UNUSED_FUNCTION = YES;
				GCC_WARN_UNUSED_VARIABLE = YES;
				IPHONEOS_DEPLOYMENT_TARGET = 16.4;
				MTL_ENABLE_DEBUG_INFO = INCLUDE_SOURCE;
				MTL_FAST_MATH = YES;
				ONLY_ACTIVE_ARCH = YES;
				SDKROOT = iphoneos;
				SWIFT_ACTIVE_COMPILATION_CONDITIONS = DEBUG;
				SWIFT_OPTIMIZATION_LEVEL = "-Onone";
			};
			name = Debug;
		};
		01B5162F2BBD26C1008580FF /* Release */ = {
			isa = XCBuildConfiguration;
			buildSettings = {
				ALWAYS_SEARCH_USER_PATHS = NO;
				CLANG_ANALYZER_NONNULL = YES;
				CLANG_ANALYZER_NUMBER_OBJECT_CONVERSION = YES_AGGRESSIVE;
				CLANG_CXX_LANGUAGE_STANDARD = "gnu++20";
				CLANG_ENABLE_MODULES = YES;
				CLANG_ENABLE_OBJC_ARC = YES;
				CLANG_ENABLE_OBJC_WEAK = YES;
				CLANG_WARN_BLOCK_CAPTURE_AUTORELEASING = YES;
				CLANG_WARN_BOOL_CONVERSION = YES;
				CLANG_WARN_COMMA = YES;
				CLANG_WARN_CONSTANT_CONVERSION = YES;
				CLANG_WARN_DEPRECATED_OBJC_IMPLEMENTATIONS = YES;
				CLANG_WARN_DIRECT_OBJC_ISA_USAGE = YES_ERROR;
				CLANG_WARN_DOCUMENTATION_COMMENTS = YES;
				CLANG_WARN_EMPTY_BODY = YES;
				CLANG_WARN_ENUM_CONVERSION = YES;
				CLANG_WARN_INFINITE_RECURSION = YES;
				CLANG_WARN_INT_CONVERSION = YES;
				CLANG_WARN_NON_LITERAL_NULL_CONVERSION = YES;
				CLANG_WARN_OBJC_IMPLICIT_RETAIN_SELF = YES;
				CLANG_WARN_OBJC_LITERAL_CONVERSION = YES;
				CLANG_WARN_OBJC_ROOT_CLASS = YES_ERROR;
				CLANG_WARN_QUOTED_INCLUDE_IN_FRAMEWORK_HEADER = YES;
				CLANG_WARN_RANGE_LOOP_ANALYSIS = YES;
				CLANG_WARN_STRICT_PROTOTYPES = YES;
				CLANG_WARN_SUSPICIOUS_MOVE = YES;
				CLANG_WARN_UNGUARDED_AVAILABILITY = YES_AGGRESSIVE;
				CLANG_WARN_UNREACHABLE_CODE = YES;
				CLANG_WARN__DUPLICATE_METHOD_MATCH = YES;
				COPY_PHASE_STRIP = NO;
				DEBUG_INFORMATION_FORMAT = "dwarf-with-dsym";
				ENABLE_NS_ASSERTIONS = NO;
				ENABLE_STRICT_OBJC_MSGSEND = YES;
				GCC_C_LANGUAGE_STANDARD = gnu11;
				GCC_NO_COMMON_BLOCKS = YES;
				GCC_WARN_64_TO_32_BIT_CONVERSION = YES;
				GCC_WARN_ABOUT_RETURN_TYPE = YES_ERROR;
				GCC_WARN_UNDECLARED_SELECTOR = YES;
				GCC_WARN_UNINITIALIZED_AUTOS = YES_AGGRESSIVE;
				GCC_WARN_UNUSED_FUNCTION = YES;
				GCC_WARN_UNUSED_VARIABLE = YES;
				IPHONEOS_DEPLOYMENT_TARGET = 16.4;
				MTL_ENABLE_DEBUG_INFO = NO;
				MTL_FAST_MATH = YES;
				SDKROOT = iphoneos;
				SWIFT_COMPILATION_MODE = wholemodule;
				SWIFT_OPTIMIZATION_LEVEL = "-O";
				VALIDATE_PRODUCT = YES;
			};
			name = Release;
		};
		01B516312BBD26C1008580FF /* Debug */ = {
			isa = XCBuildConfiguration;
			buildSettings = {
				ASSETCATALOG_COMPILER_APPICON_NAME = AppIcon;
				ASSETCATALOG_COMPILER_GLOBAL_ACCENT_COLOR_NAME = AccentColor;
				CODE_SIGN_STYLE = Automatic;
				CURRENT_PROJECT_VERSION = 1;
				GENERATE_INFOPLIST_FILE = YES;
				INFOPLIST_FILE = BooksApp/Info.plist;
				INFOPLIST_KEY_UIApplicationSupportsIndirectInputEvents = YES;
				INFOPLIST_KEY_UILaunchStoryboardName = LaunchScreen;
				INFOPLIST_KEY_UIMainStoryboardFile = Main;
				INFOPLIST_KEY_UISupportedInterfaceOrientations_iPad = "UIInterfaceOrientationPortrait UIInterfaceOrientationPortraitUpsideDown UIInterfaceOrientationLandscapeLeft UIInterfaceOrientationLandscapeRight";
				INFOPLIST_KEY_UISupportedInterfaceOrientations_iPhone = "UIInterfaceOrientationPortrait UIInterfaceOrientationLandscapeLeft UIInterfaceOrientationLandscapeRight";
				LD_RUNPATH_SEARCH_PATHS = (
					"$(inherited)",
					"@executable_path/Frameworks",
				);
				MARKETING_VERSION = 1.0;
				PRODUCT_BUNDLE_IDENTIFIER = Ayush.BooksApp;
				PRODUCT_NAME = "$(TARGET_NAME)";
				SWIFT_EMIT_LOC_STRINGS = YES;
				SWIFT_VERSION = 5.0;
				TARGETED_DEVICE_FAMILY = "1,2";
			};
			name = Debug;
		};
		01B516322BBD26C1008580FF /* Release */ = {
			isa = XCBuildConfiguration;
			buildSettings = {
				ASSETCATALOG_COMPILER_APPICON_NAME = AppIcon;
				ASSETCATALOG_COMPILER_GLOBAL_ACCENT_COLOR_NAME = AccentColor;
				CODE_SIGN_STYLE = Automatic;
				CURRENT_PROJECT_VERSION = 1;
				GENERATE_INFOPLIST_FILE = YES;
				INFOPLIST_FILE = BooksApp/Info.plist;
				INFOPLIST_KEY_UIApplicationSupportsIndirectInputEvents = YES;
				INFOPLIST_KEY_UILaunchStoryboardName = LaunchScreen;
				INFOPLIST_KEY_UIMainStoryboardFile = Main;
				INFOPLIST_KEY_UISupportedInterfaceOrientations_iPad = "UIInterfaceOrientationPortrait UIInterfaceOrientationPortraitUpsideDown UIInterfaceOrientationLandscapeLeft UIInterfaceOrientationLandscapeRight";
				INFOPLIST_KEY_UISupportedInterfaceOrientations_iPhone = "UIInterfaceOrientationPortrait UIInterfaceOrientationLandscapeLeft UIInterfaceOrientationLandscapeRight";
				LD_RUNPATH_SEARCH_PATHS = (
					"$(inherited)",
					"@executable_path/Frameworks",
				);
				MARKETING_VERSION = 1.0;
				PRODUCT_BUNDLE_IDENTIFIER = Ayush.BooksApp;
				PRODUCT_NAME = "$(TARGET_NAME)";
				SWIFT_EMIT_LOC_STRINGS = YES;
				SWIFT_VERSION = 5.0;
				TARGETED_DEVICE_FAMILY = "1,2";
			};
			name = Release;
		};
		01B516342BBD26C1008580FF /* Debug */ = {
			isa = XCBuildConfiguration;
			buildSettings = {
				ALWAYS_EMBED_SWIFT_STANDARD_LIBRARIES = YES;
				BUNDLE_LOADER = "$(TEST_HOST)";
				CODE_SIGN_STYLE = Automatic;
				CURRENT_PROJECT_VERSION = 1;
				GENERATE_INFOPLIST_FILE = YES;
				IPHONEOS_DEPLOYMENT_TARGET = 16.4;
				MARKETING_VERSION = 1.0;
				PRODUCT_BUNDLE_IDENTIFIER = Ayush.BooksAppTests;
				PRODUCT_NAME = "$(TARGET_NAME)";
				SWIFT_EMIT_LOC_STRINGS = NO;
				SWIFT_VERSION = 5.0;
				TARGETED_DEVICE_FAMILY = "1,2";
				TEST_HOST = "$(BUILT_PRODUCTS_DIR)/BooksApp.app/$(BUNDLE_EXECUTABLE_FOLDER_PATH)/BooksApp";
			};
			name = Debug;
		};
		01B516352BBD26C1008580FF /* Release */ = {
			isa = XCBuildConfiguration;
			buildSettings = {
				ALWAYS_EMBED_SWIFT_STANDARD_LIBRARIES = YES;
				BUNDLE_LOADER = "$(TEST_HOST)";
				CODE_SIGN_STYLE = Automatic;
				CURRENT_PROJECT_VERSION = 1;
				GENERATE_INFOPLIST_FILE = YES;
				IPHONEOS_DEPLOYMENT_TARGET = 16.4;
				MARKETING_VERSION = 1.0;
				PRODUCT_BUNDLE_IDENTIFIER = Ayush.BooksAppTests;
				PRODUCT_NAME = "$(TARGET_NAME)";
				SWIFT_EMIT_LOC_STRINGS = NO;
				SWIFT_VERSION = 5.0;
				TARGETED_DEVICE_FAMILY = "1,2";
				TEST_HOST = "$(BUILT_PRODUCTS_DIR)/BooksApp.app/$(BUNDLE_EXECUTABLE_FOLDER_PATH)/BooksApp";
			};
			name = Release;
		};
		01B516372BBD26C1008580FF /* Debug */ = {
			isa = XCBuildConfiguration;
			buildSettings = {
				ALWAYS_EMBED_SWIFT_STANDARD_LIBRARIES = YES;
				CODE_SIGN_STYLE = Automatic;
				CURRENT_PROJECT_VERSION = 1;
				GENERATE_INFOPLIST_FILE = YES;
				MARKETING_VERSION = 1.0;
				PRODUCT_BUNDLE_IDENTIFIER = Ayush.BooksAppUITests;
				PRODUCT_NAME = "$(TARGET_NAME)";
				SWIFT_EMIT_LOC_STRINGS = NO;
				SWIFT_VERSION = 5.0;
				TARGETED_DEVICE_FAMILY = "1,2";
				TEST_TARGET_NAME = BooksApp;
			};
			name = Debug;
		};
		01B516382BBD26C1008580FF /* Release */ = {
			isa = XCBuildConfiguration;
			buildSettings = {
				ALWAYS_EMBED_SWIFT_STANDARD_LIBRARIES = YES;
				CODE_SIGN_STYLE = Automatic;
				CURRENT_PROJECT_VERSION = 1;
				GENERATE_INFOPLIST_FILE = YES;
				MARKETING_VERSION = 1.0;
				PRODUCT_BUNDLE_IDENTIFIER = Ayush.BooksAppUITests;
				PRODUCT_NAME = "$(TARGET_NAME)";
				SWIFT_EMIT_LOC_STRINGS = NO;
				SWIFT_VERSION = 5.0;
				TARGETED_DEVICE_FAMILY = "1,2";
				TEST_TARGET_NAME = BooksApp;
			};
			name = Release;
		};
/* End XCBuildConfiguration section */

/* Begin XCConfigurationList section */
		01B515FE2BBD26C0008580FF /* Build configuration list for PBXProject "BooksApp" */ = {
			isa = XCConfigurationList;
			buildConfigurations = (
				01B5162E2BBD26C1008580FF /* Debug */,
				01B5162F2BBD26C1008580FF /* Release */,
			);
			defaultConfigurationIsVisible = 0;
			defaultConfigurationName = Release;
		};
		01B516302BBD26C1008580FF /* Build configuration list for PBXNativeTarget "BooksApp" */ = {
			isa = XCConfigurationList;
			buildConfigurations = (
				01B516312BBD26C1008580FF /* Debug */,
				01B516322BBD26C1008580FF /* Release */,
			);
			defaultConfigurationIsVisible = 0;
			defaultConfigurationName = Release;
		};
		01B516332BBD26C1008580FF /* Build configuration list for PBXNativeTarget "BooksAppTests" */ = {
			isa = XCConfigurationList;
			buildConfigurations = (
				01B516342BBD26C1008580FF /* Debug */,
				01B516352BBD26C1008580FF /* Release */,
			);
			defaultConfigurationIsVisible = 0;
			defaultConfigurationName = Release;
		};
		01B516362BBD26C1008580FF /* Build configuration list for PBXNativeTarget "BooksAppUITests" */ = {
			isa = XCConfigurationList;
			buildConfigurations = (
				01B516372BBD26C1008580FF /* Debug */,
				01B516382BBD26C1008580FF /* Release */,
			);
			defaultConfigurationIsVisible = 0;
			defaultConfigurationName = Release;
		};
/* End XCConfigurationList section */

/* Begin XCVersionGroup section */
		01B5160F2BBD26C0008580FF /* BooksApp.xcdatamodeld */ = {
			isa = XCVersionGroup;
			children = (
				01B516102BBD26C0008580FF /* BooksApp.xcdatamodel */,
			);
			currentVersion = 01B516102BBD26C0008580FF /* BooksApp.xcdatamodel */;
			path = BooksApp.xcdatamodeld;
			sourceTree = "<group>";
			versionGroupType = wrapper.xcdatamodel;
		};
/* End XCVersionGroup section */
	};
	rootObject = 01B515FB2BBD26C0008580FF /* Project object */;
}
